{
  "nodes": {
    "flake-utils": {
      "locked": {
        "lastModified": 1609935452,
        "narHash": "sha256-McwA/tAnnS8LaAdEoONBsdKFHuOpHMxKqpMCU1wL7H4=",
        "owner": "numtide",
        "repo": "flake-utils",
        "rev": "8088c6dbe86a7e6e6396c83e43020e8a1edb08d5",
        "type": "github"
      },
      "original": {
        "owner": "numtide",
        "repo": "flake-utils",
        "type": "github"
      }
    },
    "nixpkgs": {
      "locked": {
        "lastModified": 1609899452,
        "narHash": "sha256-JXi5v4lygRyZjv238bKoPFrQiTAurwcL3XqOo2ZCOLg=",
        "owner": "NixOS",
        "repo": "nixpkgs",
        "rev": "a3ab47ec9067b5f9fccda506fc8641484c3d8e73",
        "type": "github"
      },
      "original": {
        "id": "nixpkgs",
        "type": "indirect"
      }
    },
    "root": {
      "inputs": {
        "flake-utils": "flake-utils",
        "nixpkgs": "nixpkgs"
      }
    }
  },
  "root": "root",
  "version": 7
}
