{
  "nodes": {
    "nixpkgs": {
      "locked": {
        "lastModified": 1609899452,
        "narHash": "sha256-JXi5v4lygRyZjv238bKoPFrQiTAurwcL3XqOo2ZCOLg=",
        "owner": "NixOS",
        "repo": "nixpkgs",
        "rev": "a3ab47ec9067b5f9fccda506fc8641484c3d8e73",
        "type": "github"
      },
      "original": {
        "id": "nixpkgs",
        "type": "indirect"
      }
    },
    "root": {
      "inputs": {
        "nixpkgs": "nixpkgs"
      }
    }
  },
  "root": "root",
  "version": 7
}
